
Microsoft Visual Studio Solution File, Format Version 11.00
# Visual Studio 2010
Project("{8BC9CEB8-8B4A-11D0-8D11-00A0C91BC942}") = "Client", "Client\Client.vcxproj", "{D52D1E43-C25F-4F9B-8693-AC609DC6DF4A}"
EndProject
Global
	GlobalSection(SolutionConfigurationPlatforms) = preSolution
		Debug|Win32 = Debug|Win32
		Release|Win32 = Release|Win32
	EndGlobalSection
	GlobalSection(ProjectConfigurationPlatforms) = postSolution
		{D52D1E43-C25F-4F9B-8693-AC609DC6DF4A}.Debug|Win32.ActiveCfg = Debug|Win32
		{D52D1E43-C25F-4F9B-8693-AC609DC6DF4A}.Debug|Win32.Build.0 = Debug|Win32
		{D52D1E43-C25F-4F9B-8693-AC609DC6DF4A}.Release|Win32.ActiveCfg = Release|Win32
		{D52D1E43-C25F-4F9B-8693-AC609DC6DF4A}.Release|Win32.Build.0 = Release|Win32
	EndGlobalSection
	GlobalSection(SolutionProperties) = preSolution
		HideSolutionNode = FALSE
	EndGlobalSection
EndGlobal
